
Microsoft Visual Studio Solution File, Format Version 11.00
# Visual Studio 2010
Project("{F184B08F-C81C-45F6-A57F-5ABD9991F28F}") = "OEMRegistrations", "OEMRegistrations\OEMRegistrations.vbproj", "{C3BDBFC5-5AA8-468F-B8B5-088A051A138B}"
EndProject
Project("{FAE04EC0-301F-11D3-BF4B-00C04F79EFBC}") = "DatagridViewGrouper", "DatagridViewGrouper\DatagridViewGrouper.csproj", "{052E0BF2-BB09-48F9-A19F-208DF4197F1A}"
EndProject
Project("{F184B08F-C81C-45F6-A57F-5ABD9991F28F}") = "DAL.SQL", "DAL.SQL\DAL.SQL.vbproj", "{D5BEBC3C-FFB5-4BCB-AAF9-B5E1D02CD1F0}"
EndProject
Global
	GlobalSection(SolutionConfigurationPlatforms) = preSolution
		Debug|Any CPU = Debug|Any CPU
		Debug|Mixed Platforms = Debug|Mixed Platforms
		Debug|x86 = Debug|x86
		Release|Any CPU = Release|Any CPU
		Release|Mixed Platforms = Release|Mixed Platforms
		Release|x86 = Release|x86
	EndGlobalSection
	GlobalSection(ProjectConfigurationPlatforms) = postSolution
		{C3BDBFC5-5AA8-468F-B8B5-088A051A138B}.Debug|Any CPU.ActiveCfg = Debug|Any CPU
		{C3BDBFC5-5AA8-468F-B8B5-088A051A138B}.Debug|Any CPU.Build.0 = Debug|Any CPU
		{C3BDBFC5-5AA8-468F-B8B5-088A051A138B}.Debug|Mixed Platforms.ActiveCfg = Debug|Any CPU
		{C3BDBFC5-5AA8-468F-B8B5-088A051A138B}.Debug|Mixed Platforms.Build.0 = Debug|Any CPU
		{C3BDBFC5-5AA8-468F-B8B5-088A051A138B}.Debug|x86.ActiveCfg = Debug|Any CPU
		{C3BDBFC5-5AA8-468F-B8B5-088A051A138B}.Release|Any CPU.ActiveCfg = Release|Any CPU
		{C3BDBFC5-5AA8-468F-B8B5-088A051A138B}.Release|Any CPU.Build.0 = Release|Any CPU
		{C3BDBFC5-5AA8-468F-B8B5-088A051A138B}.Release|Mixed Platforms.ActiveCfg = Release|Any CPU
		{C3BDBFC5-5AA8-468F-B8B5-088A051A138B}.Release|Mixed Platforms.Build.0 = Release|Any CPU
		{C3BDBFC5-5AA8-468F-B8B5-088A051A138B}.Release|x86.ActiveCfg = Release|Any CPU
		{052E0BF2-BB09-48F9-A19F-208DF4197F1A}.Debug|Any CPU.ActiveCfg = Debug|Any CPU
		{052E0BF2-BB09-48F9-A19F-208DF4197F1A}.Debug|Any CPU.Build.0 = Debug|Any CPU
		{052E0BF2-BB09-48F9-A19F-208DF4197F1A}.Debug|Mixed Platforms.ActiveCfg = Debug|Any CPU
		{052E0BF2-BB09-48F9-A19F-208DF4197F1A}.Debug|Mixed Platforms.Build.0 = Debug|Any CPU
		{052E0BF2-BB09-48F9-A19F-208DF4197F1A}.Debug|x86.ActiveCfg = Debug|Any CPU
		{052E0BF2-BB09-48F9-A19F-208DF4197F1A}.Release|Any CPU.ActiveCfg = Release|Any CPU
		{052E0BF2-BB09-48F9-A19F-208DF4197F1A}.Release|Any CPU.Build.0 = Release|Any CPU
		{052E0BF2-BB09-48F9-A19F-208DF4197F1A}.Release|Mixed Platforms.ActiveCfg = Release|Any CPU
		{052E0BF2-BB09-48F9-A19F-208DF4197F1A}.Release|Mixed Platforms.Build.0 = Release|Any CPU
		{052E0BF2-BB09-48F9-A19F-208DF4197F1A}.Release|x86.ActiveCfg = Release|Any CPU
		{D5BEBC3C-FFB5-4BCB-AAF9-B5E1D02CD1F0}.Debug|Any CPU.ActiveCfg = Debug|Any CPU
		{D5BEBC3C-FFB5-4BCB-AAF9-B5E1D02CD1F0}.Debug|Any CPU.Build.0 = Debug|Any CPU
		{D5BEBC3C-FFB5-4BCB-AAF9-B5E1D02CD1F0}.Debug|Mixed Platforms.ActiveCfg = Debug|Any CPU
		{D5BEBC3C-FFB5-4BCB-AAF9-B5E1D02CD1F0}.Debug|Mixed Platforms.Build.0 = Debug|Any CPU
		{D5BEBC3C-FFB5-4BCB-AAF9-B5E1D02CD1F0}.Debug|x86.ActiveCfg = Debug|Any CPU
		{D5BEBC3C-FFB5-4BCB-AAF9-B5E1D02CD1F0}.Release|Any CPU.ActiveCfg = Release|Any CPU
		{D5BEBC3C-FFB5-4BCB-AAF9-B5E1D02CD1F0}.Release|Any CPU.Build.0 = Release|Any CPU
		{D5BEBC3C-FFB5-4BCB-AAF9-B5E1D02CD1F0}.Release|Mixed Platforms.ActiveCfg = Release|Any CPU
		{D5BEBC3C-FFB5-4BCB-AAF9-B5E1D02CD1F0}.Release|Mixed Platforms.Build.0 = Release|Any CPU
		{D5BEBC3C-FFB5-4BCB-AAF9-B5E1D02CD1F0}.Release|x86.ActiveCfg = Release|Any CPU
	EndGlobalSection
	GlobalSection(SolutionProperties) = preSolution
		HideSolutionNode = FALSE
	EndGlobalSection
EndGlobal
